// !$*UTF8*$!
{
	archiveVersion = 1;
	classes = {
	};
	objectVersion = 56;
	objects = {

/* Begin PBXBuildFile section */
		3B8C73992FACCB9A00F8BD55 /* AppButtons.swift .swift in Sources */ = {isa = PBXBuildFile; fileRef = 3B8C73982FACCB9A00F8BD55 /* AppButtons.swift .swift */; };
		3B8C739C2FACF2C000F8BD55 /* IntExtensions.swift in Sources */ = {isa = PBXBuildFile; fileRef = 3B8C739B2FACF2C000F8BD55 /* IntExtensions.swift */; };
		3B942A992FB35AE30094B383 /* ZoomGestureOverlay.swift in Sources */ = {isa = PBXBuildFile; fileRef = 3B942A982FB35AE30094B383 /* ZoomGestureOverlay.swift */; };
		3B98B9802FF78F170000530F /* CalendarView.swift in Sources */ = {isa = PBXBuildFile; fileRef = 3B98B97F2FF78F170000530F /* CalendarView.swift */; };
		3B98B9822FF911B30000530F /* SessionStore.swift in Sources */ = {isa = PBXBuildFile; fileRef = 3B98B9812FF911B30000530F /* SessionStore.swift */; };
		3BADCD612FA7580E003DDB45 /* PhotoSortingApp.swift in Sources */ = {isa = PBXBuildFile; fileRef = 3BADCD602FA7580E003DDB45 /* PhotoSortingApp.swift */; };
		3BADCD632FA7580E003DDB45 /* ContentView.swift in Sources */ = {isa = PBXBuildFile; fileRef = 3BADCD622FA7580E003DDB45 /* ContentView.swift */; };
		3BADCD652FA75815003DDB45 /* Assets.xcassets in Resources */ = {isa = PBXBuildFile; fileRef = 3BADCD642FA75815003DDB45 /* Assets.xcassets */; };
		3BADCD682FA75815003DDB45 /* Preview Assets.xcassets in Resources */ = {isa = PBXBuildFile; fileRef = 3BADCD672FA75815003DDB45 /* Preview Assets.xcassets */; };
		3BADCD742FA75AE6003DDB45 /* PhotoLibraryService.swift in Sources */ = {isa = PBXBuildFile; fileRef = 3BADCD732FA75AE6003DDB45 /* PhotoLibraryService.swift */; };
		3BADCD762FA75F63003DDB45 /* SortingView.swift in Sources */ = {isa = PBXBuildFile; fileRef = 3BADCD752FA75F63003DDB45 /* SortingView.swift */; };
		3BADCD782FA75F74003DDB45 /* PhotoCardView.swift in Sources */ = {isa = PBXBuildFile; fileRef = 3BADCD772FA75F74003DDB45 /* PhotoCardView.swift */; };
		3BADCD7B2FA76C43003DDB45 /* VideoPlayerView.swift in Sources */ = {isa = PBXBuildFile; fileRef = 3BADCD7A2FA76C43003DDB45 /* VideoPlayerView.swift */; };
		3BADCD7D2FA77640003DDB45 /* CustomSlider.swift in Sources */ = {isa = PBXBuildFile; fileRef = 3BADCD7C2FA77640003DDB45 /* CustomSlider.swift */; };
		3BADCD7F2FA7855E003DDB45 /* MainScreenView.swift in Sources */ = {isa = PBXBuildFile; fileRef = 3BADCD7E2FA7855E003DDB45 /* MainScreenView.swift */; };
		3BADCD812FA78862003DDB45 /* StorageService.swift in Sources */ = {isa = PBXBuildFile; fileRef = 3BADCD802FA78862003DDB45 /* StorageService.swift */; };
		3BADCD832FA7A5CD003DDB45 /* StatsView.swift in Sources */ = {isa = PBXBuildFile; fileRef = 3BADCD822FA7A5CD003DDB45 /* StatsView.swift */; };
		3BADCD852FA7A742003DDB45 /* OnboardingView.swift in Sources */ = {isa = PBXBuildFile; fileRef = 3BADCD842FA7A742003DDB45 /* OnboardingView.swift */; };
		3BADCD872FA7AE14003DDB45 /* SettingsView.swift in Sources */ = {isa = PBXBuildFile; fileRef = 3BADCD862FA7AE14003DDB45 /* SettingsView.swift */; };
		3BADCD892FA7AEF4003DDB45 /* HapticsService.swift in Sources */ = {isa = PBXBuildFile; fileRef = 3BADCD882FA7AEF4003DDB45 /* HapticsService.swift */; };
		3BADCD8B2FA8D040003DDB45 /* PhotoCacheService.swift in Sources */ = {isa = PBXBuildFile; fileRef = 3BADCD8A2FA8D040003DDB45 /* PhotoCacheService.swift */; };
		3BADCD8D2FA8F1B4003DDB45 /* DailySessionState.swift in Sources */ = {isa = PBXBuildFile; fileRef = 3BADCD8C2FA8F1B4003DDB45 /* DailySessionState.swift */; };
/* End PBXBuildFile section */

/* Begin PBXFileReference section */
		3B8C73982FACCB9A00F8BD55 /* AppButtons.swift .swift */ = {isa = PBXFileReference; lastKnownFileType = sourcecode.swift; path = "AppButtons.swift .swift"; sourceTree = "<group>"; };
		3B8C739B2FACF2C000F8BD55 /* IntExtensions.swift */ = {isa = PBXFileReference; lastKnownFileType = sourcecode.swift; path = IntExtensions.swift; sourceTree = "<group>"; };
		3B942A982FB35AE30094B383 /* ZoomGestureOverlay.swift */ = {isa = PBXFileReference; lastKnownFileType = sourcecode.swift; path = ZoomGestureOverlay.swift; sourceTree = "<group>"; };
		3B98B97F2FF78F170000530F /* CalendarView.swift */ = {isa = PBXFileReference; lastKnownFileType = sourcecode.swift; path = CalendarView.swift; sourceTree = "<group>"; };
		3B98B9812FF911B30000530F /* SessionStore.swift */ = {isa = PBXFileReference; lastKnownFileType = sourcecode.swift; path = SessionStore.swift; sourceTree = "<group>"; };
		3BADCD5D2FA7580E003DDB45 /* PhotoSorting.app */ = {isa = PBXFileReference; explicitFileType = wrapper.application; includeInIndex = 0; path = PhotoSorting.app; sourceTree = BUILT_PRODUCTS_DIR; };
		3BADCD602FA7580E003DDB45 /* PhotoSortingApp.swift */ = {isa = PBXFileReference; lastKnownFileType = sourcecode.swift; path = PhotoSortingApp.swift; sourceTree = "<group>"; };
		3BADCD622FA7580E003DDB45 /* ContentView.swift */ = {isa = PBXFileReference; lastKnownFileType = sourcecode.swift; path = ContentView.swift; sourceTree = "<group>"; };
		3BADCD642FA75815003DDB45 /* Assets.xcassets */ = {isa = PBXFileReference; lastKnownFileType = folder.assetcatalog; path = Assets.xcassets; sourceTree = "<group>"; };
		3BADCD672FA75815003DDB45 /* Preview Assets.xcassets */ = {isa = PBXFileReference; lastKnownFileType = folder.assetcatalog; path = "Preview Assets.xcassets"; sourceTree = "<group>"; };
		3BADCD732FA75AE6003DDB45 /* PhotoLibraryService.swift */ = {isa = PBXFileReference; lastKnownFileType = sourcecode.swift; path = PhotoLibraryService.swift; sourceTree = "<group>"; };
		3BADCD752FA75F63003DDB45 /* SortingView.swift */ = {isa = PBXFileReference; lastKnownFileType = sourcecode.swift; path = SortingView.swift; sourceTree = "<group>"; };
		3BADCD772FA75F74003DDB45 /* PhotoCardView.swift */ = {isa = PBXFileReference; lastKnownFileType = sourcecode.swift; path = PhotoCardView.swift; sourceTree = "<group>"; };
		3BADCD7A2FA76C43003DDB45 /* VideoPlayerView.swift */ = {isa = PBXFileReference; lastKnownFileType = sourcecode.swift; path = VideoPlayerView.swift; sourceTree = "<group>"; };
		3BADCD7C2FA77640003DDB45 /* CustomSlider.swift */ = {isa = PBXFileReference; lastKnownFileType = sourcecode.swift; path = CustomSlider.swift; sourceTree = "<group>"; };
		3BADCD7E2FA7855E003DDB45 /* MainScreenView.swift */ = {isa = PBXFileReference; lastKnownFileType = sourcecode.swift; path = MainScreenView.swift; sourceTree = "<group>"; };
		3BADCD802FA78862003DDB45 /* StorageService.swift */ = {isa = PBXFileReference; lastKnownFileType = sourcecode.swift; path = StorageService.swift; sourceTree = "<group>"; };
		3BADCD822FA7A5CD003DDB45 /* StatsView.swift */ = {isa = PBXFileReference; lastKnownFileType = sourcecode.swift; path = StatsView.swift; sourceTree = "<group>"; };
		3BADCD842FA7A742003DDB45 /* OnboardingView.swift */ = {isa = PBXFileReference; lastKnownFileType = sourcecode.swift; path = OnboardingView.swift; sourceTree = "<group>"; };
		3BADCD862FA7AE14003DDB45 /* SettingsView.swift */ = {isa = PBXFileReference; lastKnownFileType = sourcecode.swift; path = SettingsView.swift; sourceTree = "<group>"; };
		3BADCD882FA7AEF4003DDB45 /* HapticsService.swift */ = {isa = PBXFileReference; lastKnownFileType = sourcecode.swift; path = HapticsService.swift; sourceTree = "<group>"; };
		3BADCD8A2FA8D040003DDB45 /* PhotoCacheService.swift */ = {isa = PBXFileReference; lastKnownFileType = sourcecode.swift; path = PhotoCacheService.swift; sourceTree = "<group>"; };
		3BADCD8C2FA8F1B4003DDB45 /* DailySessionState.swift */ = {isa = PBXFileReference; lastKnownFileType = sourcecode.swift; path = DailySessionState.swift; sourceTree = "<group>"; };
/* End PBXFileReference section */

/* Begin PBXFrameworksBuildPhase section */
		3BADCD5A2FA7580E003DDB45 /* Frameworks */ = {
			isa = PBXFrameworksBuildPhase;
			buildActionMask = 2147483647;
			files = (
			);
			runOnlyForDeploymentPostprocessing = 0;
		};
/* End PBXFrameworksBuildPhase section */

/* Begin PBXGroup section */
		3B8C739A2FACCBA200F8BD55 /* Components */ = {
			isa = PBXGroup;
			children = (
				3B8C73982FACCB9A00F8BD55 /* AppButtons.swift .swift */,
			);
			path = Components;
			sourceTree = "<group>";
		};
		3BADCD542FA7580E003DDB45 = {
			isa = PBXGroup;
			children = (
				3BADCD5F2FA7580E003DDB45 /* PhotoSorting */,
				3BADCD5E2FA7580E003DDB45 /* Products */,
			);
			sourceTree = "<group>";
		};
		3BADCD5E2FA7580E003DDB45 /* Products */ = {
			isa = PBXGroup;
			children = (
				3BADCD5D2FA7580E003DDB45 /* PhotoSorting.app */,
			);
			name = Products;
			sourceTree = "<group>";
		};
		3BADCD5F2FA7580E003DDB45 /* PhotoSorting */ = {
			isa = PBXGroup;
			children = (
				3B8C739A2FACCBA200F8BD55 /* Components */,
				3BADCD722FA75877003DDB45 /* Extensions */,
				3BADCD712FA7586F003DDB45 /* Models */,
				3BADCD702FA75864003DDB45 /* Services */,
				3BADCD6E2FA75839003DDB45 /* Views */,
				3BADCD602FA7580E003DDB45 /* PhotoSortingApp.swift */,
				3BADCD622FA7580E003DDB45 /* ContentView.swift */,
				3BADCD642FA75815003DDB45 /* Assets.xcassets */,
				3BADCD662FA75815003DDB45 /* Preview Content */,
			);
			path = PhotoSorting;
			sourceTree = "<group>";
		};
		3BADCD662FA75815003DDB45 /* Preview Content */ = {
			isa = PBXGroup;
			children = (
				3BADCD672FA75815003DDB45 /* Preview Assets.xcassets */,
			);
			path = "Preview Content";
			sourceTree = "<group>";
		};
		3BADCD6E2FA75839003DDB45 /* Views */ = {
			isa = PBXGroup;
			children = (
				3B98B97F2FF78F170000530F /* CalendarView.swift */,
				3BADCD752FA75F63003DDB45 /* SortingView.swift */,
				3BADCD772FA75F74003DDB45 /* PhotoCardView.swift */,
				3BADCD7A2FA76C43003DDB45 /* VideoPlayerView.swift */,
				3BADCD7C2FA77640003DDB45 /* CustomSlider.swift */,
				3BADCD7E2FA7855E003DDB45 /* MainScreenView.swift */,
				3BADCD822FA7A5CD003DDB45 /* StatsView.swift */,
				3BADCD842FA7A742003DDB45 /* OnboardingView.swift */,
				3BADCD862FA7AE14003DDB45 /* SettingsView.swift */,
				3B942A982FB35AE30094B383 /* ZoomGestureOverlay.swift */,
			);
			path = Views;
			sourceTree = "<group>";
		};
		3BADCD702FA75864003DDB45 /* Services */ = {
			isa = PBXGroup;
			children = (
				3BADCD8A2FA8D040003DDB45 /* PhotoCacheService.swift */,
				3BADCD732FA75AE6003DDB45 /* PhotoLibraryService.swift */,
				3BADCD802FA78862003DDB45 /* StorageService.swift */,
				3BADCD882FA7AEF4003DDB45 /* HapticsService.swift */,
				3B98B9812FF911B30000530F /* SessionStore.swift */,
			);
			path = Services;
			sourceTree = "<group>";
		};
		3BADCD712FA7586F003DDB45 /* Models */ = {
			isa = PBXGroup;
			children = (
				3BADCD8C2FA8F1B4003DDB45 /* DailySessionState.swift */,
			);
			path = Models;
			sourceTree = "<group>";
		};
		3BADCD722FA75877003DDB45 /* Extensions */ = {
			isa = PBXGroup;
			children = (
				3B8C739B2FACF2C000F8BD55 /* IntExtensions.swift */,
			);
			path = Extensions;
			sourceTree = "<group>";
		};
/* End PBXGroup section */

/* Begin PBXNativeTarget section */
		3BADCD5C2FA7580E003DDB45 /* PhotoSorting */ = {
			isa = PBXNativeTarget;
			buildConfigurationList = 3BADCD6B2FA75815003DDB45 /* Build configuration list for PBXNativeTarget "PhotoSorting" */;
			buildPhases = (
				3BADCD592FA7580E003DDB45 /* Sources */,
				3BADCD5A2FA7580E003DDB45 /* Frameworks */,
				3BADCD5B2FA7580E003DDB45 /* Resources */,
			);
			buildRules = (
			);
			dependencies = (
			);
			name = PhotoSorting;
			productName = PhotoSorting;
			productReference = 3BADCD5D2FA7580E003DDB45 /* PhotoSorting.app */;
			productType = "com.apple.product-type.application";
		};
/* End PBXNativeTarget section */

/* Begin PBXProject section */
		3BADCD552FA7580E003DDB45 /* Project object */ = {
			isa = PBXProject;
			attributes = {
				BuildIndependentTargetsInParallel = 1;
				LastSwiftUpdateCheck = 1540;
				LastUpgradeCheck = 1540;
				TargetAttributes = {
					3BADCD5C2FA7580E003DDB45 = {
						CreatedOnToolsVersion = 15.4;
					};
				};
			};
			buildConfigurationList = 3BADCD582FA7580E003DDB45 /* Build configuration list for PBXProject "PhotoSorting" */;
			compatibilityVersion = "Xcode 14.0";
			developmentRegion = en;
			hasScannedForEncodings = 0;
			knownRegions = (
				en,
				Base,
			);
			mainGroup = 3BADCD542FA7580E003DDB45;
			productRefGroup = 3BADCD5E2FA7580E003DDB45 /* Products */;
			projectDirPath = "";
			projectRoot = "";
			targets = (
				3BADCD5C2FA7580E003DDB45 /* PhotoSorting */,
			);
		};
/* End PBXProject section */

/* Begin PBXResourcesBuildPhase section */
		3BADCD5B2FA7580E003DDB45 /* Resources */ = {
			isa = PBXResourcesBuildPhase;
			buildActionMask = 2147483647;
			files = (
				3BADCD682FA75815003DDB45 /* Preview Assets.xcassets in Resources */,
				3BADCD652FA75815003DDB45 /* Assets.xcassets in Resources */,
			);
			runOnlyForDeploymentPostprocessing = 0;
		};
/* End PBXResourcesBuildPhase section */

/* Begin PBXSourcesBuildPhase section */
		3BADCD592FA7580E003DDB45 /* Sources */ = {
			isa = PBXSourcesBuildPhase;
			buildActionMask = 2147483647;
			files = (
				3BADCD742FA75AE6003DDB45 /* PhotoLibraryService.swift in Sources */,
				3BADCD7D2FA77640003DDB45 /* CustomSlider.swift in Sources */,
				3BADCD762FA75F63003DDB45 /* SortingView.swift in Sources */,
				3BADCD782FA75F74003DDB45 /* PhotoCardView.swift in Sources */,
				3BADCD892FA7AEF4003DDB45 /* HapticsService.swift in Sources */,
				3B8C739C2FACF2C000F8BD55 /* IntExtensions.swift in Sources */,
				3B98B9822FF911B30000530F /* SessionStore.swift in Sources */,
				3BADCD8B2FA8D040003DDB45 /* PhotoCacheService.swift in Sources */,
				3B942A992FB35AE30094B383 /* ZoomGestureOverlay.swift in Sources */,
				3BADCD632FA7580E003DDB45 /* ContentView.swift in Sources */,
				3BADCD612FA7580E003DDB45 /* PhotoSortingApp.swift in Sources */,
				3BADCD832FA7A5CD003DDB45 /* StatsView.swift in Sources */,
				3BADCD7B2FA76C43003DDB45 /* VideoPlayerView.swift in Sources */,
				3BADCD812FA78862003DDB45 /* StorageService.swift in Sources */,
				3BADCD8D2FA8F1B4003DDB45 /* DailySessionState.swift in Sources */,
				3B98B9802FF78F170000530F /* CalendarView.swift in Sources */,
				3BADCD872FA7AE14003DDB45 /* SettingsView.swift in Sources */,
				3B8C73992FACCB9A00F8BD55 /* AppButtons.swift .swift in Sources */,
				3BADCD7F2FA7855E003DDB45 /* MainScreenView.swift in Sources */,
				3BADCD852FA7A742003DDB45 /* OnboardingView.swift in Sources */,
			);
			runOnlyForDeploymentPostprocessing = 0;
		};
/* End PBXSourcesBuildPhase section */

/* Begin XCBuildConfiguration section */
		3BADCD692FA75815003DDB45 /* Debug */ = {
			isa = XCBuildConfiguration;
			buildSettings = {
				ALWAYS_SEARCH_USER_PATHS = NO;
				ASSETCATALOG_COMPILER_GENERATE_SWIFT_ASSET_SYMBOL_EXTENSIONS = YES;
				CLANG_ANALYZER_NONNULL = YES;
				CLANG_ANALYZER_NUMBER_OBJECT_CONVERSION = YES_AGGRESSIVE;
				CLANG_CXX_LANGUAGE_STANDARD = "gnu++20";
				CLANG_ENABLE_MODULES = YES;
				CLANG_ENABLE_OBJC_ARC = YES;
				CLANG_ENABLE_OBJC_WEAK = YES;
				CLANG_WARN_BLOCK_CAPTURE_AUTORELEASING = YES;
				CLANG_WARN_BOOL_CONVERSION = YES;
				CLANG_WARN_COMMA = YES;
				CLANG_WARN_CONSTANT_CONVERSION = YES;
				CLANG_WARN_DEPRECATED_OBJC_IMPLEMENTATIONS = YES;
				CLANG_WARN_DIRECT_OBJC_ISA_USAGE = YES_ERROR;
				CLANG_WARN_DOCUMENTATION_COMMENTS = YES;
				CLANG_WARN_EMPTY_BODY = YES;
				CLANG_WARN_ENUM_CONVERSION = YES;
				CLANG_WARN_INFINITE_RECURSION = YES;
				CLANG_WARN_INT_CONVERSION = YES;
				CLANG_WARN_NON_LITERAL_NULL_CONVERSION = YES;
				CLANG_WARN_OBJC_IMPLICIT_RETAIN_SELF = YES;
				CLANG_WARN_OBJC_LITERAL_CONVERSION = YES;
				CLANG_WARN_OBJC_ROOT_CLASS = YES_ERROR;
				CLANG_WARN_QUOTED_INCLUDE_IN_FRAMEWORK_HEADER = YES;
				CLANG_WARN_RANGE_LOOP_ANALYSIS = YES;
				CLANG_WARN_STRICT_PROTOTYPES = YES;
				CLANG_WARN_SUSPICIOUS_MOVE = YES;
				CLANG_WARN_UNGUARDED_AVAILABILITY = YES_AGGRESSIVE;
				CLANG_WARN_UNREACHABLE_CODE = YES;
				CLANG_WARN__DUPLICATE_METHOD_MATCH = YES;
				COPY_PHASE_STRIP = NO;
				DEBUG_INFORMATION_FORMAT = dwarf;
				ENABLE_STRICT_OBJC_MSGSEND = YES;
				ENABLE_TESTABILITY = YES;
				ENABLE_USER_SCRIPT_SANDBOXING = YES;
				GCC_C_LANGUAGE_STANDARD = gnu17;
				GCC_DYNAMIC_NO_PIC = NO;
				GCC_NO_COMMON_BLOCKS = YES;
				GCC_OPTIMIZATION_LEVEL = 0;
				GCC_PREPROCESSOR_DEFINITIONS = (
					"DEBUG=1",
					"$(inherited)",
				);
				GCC_WARN_64_TO_32_BIT_CONVERSION = YES;
				GCC_WARN_ABOUT_RETURN_TYPE = YES_ERROR;
				GCC_WARN_UNDECLARED_SELECTOR = YES;
				GCC_WARN_UNINITIALIZED_AUTOS = YES_AGGRESSIVE;
				GCC_WARN_UNUSED_FUNCTION = YES;
				GCC_WARN_UNUSED_VARIABLE = YES;
				IPHONEOS_DEPLOYMENT_TARGET = 17.5;
				LOCALIZATION_PREFERS_STRING_CATALOGS = YES;
				MTL_ENABLE_DEBUG_INFO = INCLUDE_SOURCE;
				MTL_FAST_MATH = YES;
				ONLY_ACTIVE_ARCH = YES;
				SDKROOT = iphoneos;
				SWIFT_ACTIVE_COMPILATION_CONDITIONS = "DEBUG $(inherited)";
				SWIFT_OPTIMIZATION_LEVEL = "-Onone";
			};
			name = Debug;
		};
		3BADCD6A2FA75815003DDB45 /* Release */ = {
			isa = XCBuildConfiguration;
			buildSettings = {
				ALWAYS_SEARCH_USER_PATHS = NO;
				ASSETCATALOG_COMPILER_GENERATE_SWIFT_ASSET_SYMBOL_EXTENSIONS = YES;
				CLANG_ANALYZER_NONNULL = YES;
				CLANG_ANALYZER_NUMBER_OBJECT_CONVERSION = YES_AGGRESSIVE;
				CLANG_CXX_LANGUAGE_STANDARD = "gnu++20";
				CLANG_ENABLE_MODULES = YES;
				CLANG_ENABLE_OBJC_ARC = YES;
				CLANG_ENABLE_OBJC_WEAK = YES;
				CLANG_WARN_BLOCK_CAPTURE_AUTORELEASING = YES;
				CLANG_WARN_BOOL_CONVERSION = YES;
				CLANG_WARN_COMMA = YES;
				CLANG_WARN_CONSTANT_CONVERSION = YES;
				CLANG_WARN_DEPRECATED_OBJC_IMPLEMENTATIONS = YES;
				CLANG_WARN_DIRECT_OBJC_ISA_USAGE = YES_ERROR;
				CLANG_WARN_DOCUMENTATION_COMMENTS = YES;
				CLANG_WARN_EMPTY_BODY = YES;
				CLANG_WARN_ENUM_CONVERSION = YES;
				CLANG_WARN_INFINITE_RECURSION = YES;
				CLANG_WARN_INT_CONVERSION = YES;
				CLANG_WARN_NON_LITERAL_NULL_CONVERSION = YES;
				CLANG_WARN_OBJC_IMPLICIT_RETAIN_SELF = YES;
				CLANG_WARN_OBJC_LITERAL_CONVERSION = YES;
				CLANG_WARN_OBJC_ROOT_CLASS = YES_ERROR;
				CLANG_WARN_QUOTED_INCLUDE_IN_FRAMEWORK_HEADER = YES;
				CLANG_WARN_RANGE_LOOP_ANALYSIS = YES;
				CLANG_WARN_STRICT_PROTOTYPES = YES;
				CLANG_WARN_SUSPICIOUS_MOVE = YES;
				CLANG_WARN_UNGUARDED_AVAILABILITY = YES_AGGRESSIVE;
				CLANG_WARN_UNREACHABLE_CODE = YES;
				CLANG_WARN__DUPLICATE_METHOD_MATCH = YES;
				COPY_PHASE_STRIP = NO;
				DEBUG_INFORMATION_FORMAT = "dwarf-with-dsym";
				ENABLE_NS_ASSERTIONS = NO;
				ENABLE_STRICT_OBJC_MSGSEND = YES;
				ENABLE_USER_SCRIPT_SANDBOXING = YES;
				GCC_C_LANGUAGE_STANDARD = gnu17;
				GCC_NO_COMMON_BLOCKS = YES;
				GCC_WARN_64_TO_32_BIT_CONVERSION = YES;
				GCC_WARN_ABOUT_RETURN_TYPE = YES_ERROR;
				GCC_WARN_UNDECLARED_SELECTOR = YES;
				GCC_WARN_UNINITIALIZED_AUTOS = YES_AGGRESSIVE;
				GCC_WARN_UNUSED_FUNCTION = YES;
				GCC_WARN_UNUSED_VARIABLE = YES;
				IPHONEOS_DEPLOYMENT_TARGET = 17.5;
				LOCALIZATION_PREFERS_STRING_CATALOGS = YES;
				MTL_ENABLE_DEBUG_INFO = NO;
				MTL_FAST_MATH = YES;
				SDKROOT = iphoneos;
				SWIFT_COMPILATION_MODE = wholemodule;
				VALIDATE_PRODUCT = YES;
			};
			name = Release;
		};
		3BADCD6C2FA75815003DDB45 /* Debug */ = {
			isa = XCBuildConfiguration;
			buildSettings = {
				ASSETCATALOG_COMPILER_APPICON_NAME = AppIcon;
				ASSETCATALOG_COMPILER_GLOBAL_ACCENT_COLOR_NAME = AccentColor;
				CODE_SIGN_STYLE = Automatic;
				CURRENT_PROJECT_VERSION = 1;
				DEVELOPMENT_ASSET_PATHS = "\"PhotoSorting/Preview Content\"";
				DEVELOPMENT_TEAM = LQP52C44RC;
				ENABLE_PREVIEWS = YES;
				GENERATE_INFOPLIST_FILE = YES;
				INFOPLIST_KEY_NSPhotoLibraryUsageDescription = "PhotoSorting нужен доступ к вашей галерее, чтобы помочь навести порядок в фотографиях.";
				INFOPLIST_KEY_UIApplicationSceneManifest_Generation = YES;
				INFOPLIST_KEY_UIApplicationSupportsIndirectInputEvents = YES;
				INFOPLIST_KEY_UILaunchScreen_Generation = YES;
				INFOPLIST_KEY_UISupportedInterfaceOrientations_iPad = "UIInterfaceOrientationPortrait UIInterfaceOrientationPortraitUpsideDown UIInterfaceOrientationLandscapeLeft UIInterfaceOrientationLandscapeRight";
				INFOPLIST_KEY_UISupportedInterfaceOrientations_iPhone = "UIInterfaceOrientationPortrait UIInterfaceOrientationLandscapeLeft UIInterfaceOrientationLandscapeRight";
				LD_RUNPATH_SEARCH_PATHS = (
					"$(inherited)",
					"@executable_path/Frameworks",
				);
				MARKETING_VERSION = 1.0;
				PRODUCT_BUNDLE_IDENTIFIER = daffix.PhotoSorting;
				PRODUCT_NAME = "$(TARGET_NAME)";
				SWIFT_EMIT_LOC_STRINGS = YES;
				SWIFT_VERSION = 5.0;
				TARGETED_DEVICE_FAMILY = "1,2";
			};
			name = Debug;
		};
		3BADCD6D2FA75815003DDB45 /* Release */ = {
			isa = XCBuildConfiguration;
			buildSettings = {
				ASSETCATALOG_COMPILER_APPICON_NAME = AppIcon;
				ASSETCATALOG_COMPILER_GLOBAL_ACCENT_COLOR_NAME = AccentColor;
				CODE_SIGN_STYLE = Automatic;
				CURRENT_PROJECT_VERSION = 1;
				DEVELOPMENT_ASSET_PATHS = "\"PhotoSorting/Preview Content\"";
				DEVELOPMENT_TEAM = LQP52C44RC;
				ENABLE_PREVIEWS = YES;
				GENERATE_INFOPLIST_FILE = YES;
				INFOPLIST_KEY_NSPhotoLibraryUsageDescription = "PhotoSorting нужен доступ к вашей галерее, чтобы помочь навести порядок в фотографиях.";
				INFOPLIST_KEY_UIApplicationSceneManifest_Generation = YES;
				INFOPLIST_KEY_UIApplicationSupportsIndirectInputEvents = YES;
				INFOPLIST_KEY_UILaunchScreen_Generation = YES;
				INFOPLIST_KEY_UISupportedInterfaceOrientations_iPad = "UIInterfaceOrientationPortrait UIInterfaceOrientationPortraitUpsideDown UIInterfaceOrientationLandscapeLeft UIInterfaceOrientationLandscapeRight";
				INFOPLIST_KEY_UISupportedInterfaceOrientations_iPhone = "UIInterfaceOrientationPortrait UIInterfaceOrientationLandscapeLeft UIInterfaceOrientationLandscapeRight";
				LD_RUNPATH_SEARCH_PATHS = (
					"$(inherited)",
					"@executable_path/Frameworks",
				);
				MARKETING_VERSION = 1.0;
				PRODUCT_BUNDLE_IDENTIFIER = daffix.PhotoSorting;
				PRODUCT_NAME = "$(TARGET_NAME)";
				SWIFT_EMIT_LOC_STRINGS = YES;
				SWIFT_VERSION = 5.0;
				TARGETED_DEVICE_FAMILY = "1,2";
			};
			name = Release;
		};
/* End XCBuildConfiguration section */

/* Begin XCConfigurationList section */
		3BADCD582FA7580E003DDB45 /* Build configuration list for PBXProject "PhotoSorting" */ = {
			isa = XCConfigurationList;
			buildConfigurations = (
				3BADCD692FA75815003DDB45 /* Debug */,
				3BADCD6A2FA75815003DDB45 /* Release */,
			);
			defaultConfigurationIsVisible = 0;
			defaultConfigurationName = Release;
		};
		3BADCD6B2FA75815003DDB45 /* Build configuration list for PBXNativeTarget "PhotoSorting" */ = {
			isa = XCConfigurationList;
			buildConfigurations = (
				3BADCD6C2FA75815003DDB45 /* Debug */,
				3BADCD6D2FA75815003DDB45 /* Release */,
			);
			defaultConfigurationIsVisible = 0;
			defaultConfigurationName = Release;
		};
/* End XCConfigurationList section */
	};
	rootObject = 3BADCD552FA7580E003DDB45 /* Project object */;
}
